Microsoft Visual Studio Solution File, Format Version 9.00
# Visual Studio 2005
Project("{FAE04EC0-301F-11D3-BF4B-00C04F79EFBC}") = "UEEditor", "UEEditor.csproj", "{EECE9ED1-E92A-40D0-8D1F-15B902DB6D63}"
EndProject
Global
	GlobalSection(SourceCodeControl) = preSolution
		SccNumberOfProjects = 2
		SccLocalPath0 = .
		CanCheckoutShared = false
		SccProjectUniqueName1 = UEEditor.csproj
		SccLocalPath1 = .
		CanCheckoutShared = false
	EndGlobalSection
	GlobalSection(SolutionConfigurationPlatforms) = preSolution
		Debug|Default = Debug|Default
		Release|Default = Release|Default
	EndGlobalSection
	GlobalSection(ProjectConfigurationPlatforms) = postSolution
		{EECE9ED1-E92A-40D0-8D1F-15B902DB6D63}.Debug|Default.ActiveCfg = Debug|Any CPU
		{EECE9ED1-E92A-40D0-8D1F-15B902DB6D63}.Debug|Default.Build.0 = Debug|Any CPU
		{EECE9ED1-E92A-40D0-8D1F-15B902DB6D63}.Release|Default.ActiveCfg = Release|Any CPU
		{EECE9ED1-E92A-40D0-8D1F-15B902DB6D63}.Release|Default.Build.0 = Release|Any CPU
	EndGlobalSection
	GlobalSection(SolutionProperties) = preSolution
		HideSolutionNode = FALSE
	EndGlobalSection
EndGlobal
